
Microsoft Visual Studio Solution File, Format Version 12.00
# Visual Studio Version 16
VisualStudioVersion = 16.0.30611.23
MinimumVisualStudioVersion = 10.0.40219.1
Project("{FAE04EC0-301F-11D3-BF4B-00C04F79EFBC}") = "404 error page", "404 error page\404 error page.csproj", "{BF518614-28F4-4BAA-A472-B271611A91BB}"
EndProject
Global
	GlobalSection(SolutionConfigurationPlatforms) = preSolution
		Debug|Any CPU = Debug|Any CPU
		Release|Any CPU = Release|Any CPU
	EndGlobalSection
	GlobalSection(ProjectConfigurationPlatforms) = postSolution
		{BF518614-28F4-4BAA-A472-B271611A91BB}.Debug|Any CPU.ActiveCfg = Debug|Any CPU
		{BF518614-28F4-4BAA-A472-B271611A91BB}.Debug|Any CPU.Build.0 = Debug|Any CPU
		{BF518614-28F4-4BAA-A472-B271611A91BB}.Release|Any CPU.ActiveCfg = Release|Any CPU
		{BF518614-28F4-4BAA-A472-B271611A91BB}.Release|Any CPU.Build.0 = Release|Any CPU
	EndGlobalSection
	GlobalSection(SolutionProperties) = preSolution
		HideSolutionNode = FALSE
	EndGlobalSection
	GlobalSection(ExtensibilityGlobals) = postSolution
		SolutionGuid = {A41E8E71-D650-4B3D-86AB-5589FBD3DA6C}
	EndGlobalSection
EndGlobal
